
Microsoft Visual Studio Solution File, Format Version 12.00
# Visual Studio Version 17
VisualStudioVersion = 17.7.34024.191
MinimumVisualStudioVersion = 10.0.40219.1
Project("{FAE04EC0-301F-11D3-BF4B-00C04F79EFBC}") = "Lession1_Lab_1", "Lession1_Lab_1\Lession1_Lab_1.csproj", "{3DAB624B-08BE-498A-BDD1-D0167F98FCFE}"
EndProject
Project("{FAE04EC0-301F-11D3-BF4B-00C04F79EFBC}") = "Lession1_Lab_2", "Lession1_Lab_2\Lession1_Lab_2.csproj", "{3C5A66DD-BAC3-47D6-ADAD-ED45C8AAE5FA}"
EndProject
Project("{FAE04EC0-301F-11D3-BF4B-00C04F79EFBC}") = "Lession1_Lab_3", "Lession1_Lab_3\Lession1_Lab_3.csproj", "{6645DC05-B508-4D19-B505-19043837934A}"
EndProject
Project("{FAE04EC0-301F-11D3-BF4B-00C04F79EFBC}") = "Lession1_Ex_1", "Lession1_Ex_1\Lession1_Ex_1.csproj", "{62BAF90F-05FF-4EB2-BF46-950E1250A363}"
EndProject
Project("{FAE04EC0-301F-11D3-BF4B-00C04F79EFBC}") = "Lession1_Ex_2", "Lession1_Ex_2\Lession1_Ex_2.csproj", "{B026EEF2-A2F1-4A5F-BE9D-025720FF2435}"
EndProject
Global
	GlobalSection(SolutionConfigurationPlatforms) = preSolution
		Debug|Any CPU = Debug|Any CPU
		Release|Any CPU = Release|Any CPU
	EndGlobalSection
	GlobalSection(ProjectConfigurationPlatforms) = postSolution
		{3DAB624B-08BE-498A-BDD1-D0167F98FCFE}.Debug|Any CPU.ActiveCfg = Debug|Any CPU
		{3DAB624B-08BE-498A-BDD1-D0167F98FCFE}.Debug|Any CPU.Build.0 = Debug|Any CPU
		{3DAB624B-08BE-498A-BDD1-D0167F98FCFE}.Release|Any CPU.ActiveCfg = Release|Any CPU
		{3DAB624B-08BE-498A-BDD1-D0167F98FCFE}.Release|Any CPU.Build.0 = Release|Any CPU
		{3C5A66DD-BAC3-47D6-ADAD-ED45C8AAE5FA}.Debug|Any CPU.ActiveCfg = Debug|Any CPU
		{3C5A66DD-BAC3-47D6-ADAD-ED45C8AAE5FA}.Debug|Any CPU.Build.0 = Debug|Any CPU
		{3C5A66DD-BAC3-47D6-ADAD-ED45C8AAE5FA}.Release|Any CPU.ActiveCfg = Release|Any CPU
		{3C5A66DD-BAC3-47D6-ADAD-ED45C8AAE5FA}.Release|Any CPU.Build.0 = Release|Any CPU
		{6645DC05-B508-4D19-B505-19043837934A}.Debug|Any CPU.ActiveCfg = Debug|Any CPU
		{6645DC05-B508-4D19-B505-19043837934A}.Debug|Any CPU.Build.0 = Debug|Any CPU
		{6645DC05-B508-4D19-B505-19043837934A}.Release|Any CPU.ActiveCfg = Release|Any CPU
		{6645DC05-B508-4D19-B505-19043837934A}.Release|Any CPU.Build.0 = Release|Any CPU
		{62BAF90F-05FF-4EB2-BF46-950E1250A363}.Debug|Any CPU.ActiveCfg = Debug|Any CPU
		{62BAF90F-05FF-4EB2-BF46-950E1250A363}.Debug|Any CPU.Build.0 = Debug|Any CPU
		{62BAF90F-05FF-4EB2-BF46-950E1250A363}.Release|Any CPU.ActiveCfg = Release|Any CPU
		{62BAF90F-05FF-4EB2-BF46-950E1250A363}.Release|Any CPU.Build.0 = Release|Any CPU
		{B026EEF2-A2F1-4A5F-BE9D-025720FF2435}.Debug|Any CPU.ActiveCfg = Debug|Any CPU
		{B026EEF2-A2F1-4A5F-BE9D-025720FF2435}.Debug|Any CPU.Build.0 = Debug|Any CPU
		{B026EEF2-A2F1-4A5F-BE9D-025720FF2435}.Release|Any CPU.ActiveCfg = Release|Any CPU
		{B026EEF2-A2F1-4A5F-BE9D-025720FF2435}.Release|Any CPU.Build.0 = Release|Any CPU
	EndGlobalSection
	GlobalSection(SolutionProperties) = preSolution
		HideSolutionNode = FALSE
	EndGlobalSection
	GlobalSection(ExtensibilityGlobals) = postSolution
		SolutionGuid = {6E36067B-B7ED-47C9-B59C-C084C9EC2482}
	EndGlobalSection
EndGlobal
