
Microsoft Visual Studio Solution File, Format Version 12.00
# Visual Studio Version 16
VisualStudioVersion = 16.0.33529.622
MinimumVisualStudioVersion = 10.0.40219.1
Project("{FAE04EC0-301F-11D3-BF4B-00C04F79EFBC}") = "TMHitech", "TMHitech\TMHitech.csproj", "{502BBEAC-BFD7-488A-A247-3C7365C02A64}"
EndProject
Global
	GlobalSection(SolutionConfigurationPlatforms) = preSolution
		Debug|Any CPU = Debug|Any CPU
		Release|Any CPU = Release|Any CPU
	EndGlobalSection
	GlobalSection(ProjectConfigurationPlatforms) = postSolution
		{502BBEAC-BFD7-488A-A247-3C7365C02A64}.Debug|Any CPU.ActiveCfg = Debug|Any CPU
		{502BBEAC-BFD7-488A-A247-3C7365C02A64}.Debug|Any CPU.Build.0 = Debug|Any CPU
		{502BBEAC-BFD7-488A-A247-3C7365C02A64}.Release|Any CPU.ActiveCfg = Release|Any CPU
		{502BBEAC-BFD7-488A-A247-3C7365C02A64}.Release|Any CPU.Build.0 = Release|Any CPU
	EndGlobalSection
	GlobalSection(SolutionProperties) = preSolution
		HideSolutionNode = FALSE
	EndGlobalSection
	GlobalSection(ExtensibilityGlobals) = postSolution
		SolutionGuid = {229D09B5-7006-46D2-BB79-234B5120A3CC}
	EndGlobalSection
EndGlobal
