
Microsoft Visual Studio Solution File, Format Version 12.00
# Visual Studio Version 17
VisualStudioVersion = 17.7.34024.191
MinimumVisualStudioVersion = 10.0.40219.1
Project("{FAE04EC0-301F-11D3-BF4B-00C04F79EFBC}") = "Lession3_Lab_1", "Lession3_Lab_1\Lession3_Lab_1.csproj", "{4EB429A2-F6BA-4B5F-96EF-5520A85792E4}"
EndProject
Project("{FAE04EC0-301F-11D3-BF4B-00C04F79EFBC}") = "Lession3_Lab_2", "Lession3_Lab_2\Lession3_Lab_2.csproj", "{DEC2BC7F-E669-4FA6-A368-D8AED215F7AD}"
EndProject
Project("{FAE04EC0-301F-11D3-BF4B-00C04F79EFBC}") = "Lession3_Lab_3", "Lession3_Lab_3\Lession3_Lab_3.csproj", "{6C5B12CF-AA58-416E-B4B4-5D33E924F207}"
EndProject
Project("{FAE04EC0-301F-11D3-BF4B-00C04F79EFBC}") = "Lession3_Lab_4", "Lession3_Lab_4\Lession3_Lab_4.csproj", "{69C1929F-2896-4890-B52C-38C7E85BF79F}"
EndProject
Project("{FAE04EC0-301F-11D3-BF4B-00C04F79EFBC}") = "Lession3_Lab_5", "Lession3_Lab_5\Lession3_Lab_5.csproj", "{45FA56D8-A824-4E03-8253-658E83F8E388}"
EndProject
Project("{FAE04EC0-301F-11D3-BF4B-00C04F79EFBC}") = "Lession3_Ex_1", "Lession3_Ex_1\Lession3_Ex_1.csproj", "{C6C76537-8351-4BA4-90DD-2F0ACFD2C624}"
EndProject
Project("{FAE04EC0-301F-11D3-BF4B-00C04F79EFBC}") = "Lession3_Ex_2", "Lession3_Ex_2\Lession3_Ex_2.csproj", "{3E768951-17AF-4444-98F6-8ABCBD5DCB4E}"
EndProject
Global
	GlobalSection(SolutionConfigurationPlatforms) = preSolution
		Debug|Any CPU = Debug|Any CPU
		Release|Any CPU = Release|Any CPU
	EndGlobalSection
	GlobalSection(ProjectConfigurationPlatforms) = postSolution
		{4EB429A2-F6BA-4B5F-96EF-5520A85792E4}.Debug|Any CPU.ActiveCfg = Debug|Any CPU
		{4EB429A2-F6BA-4B5F-96EF-5520A85792E4}.Debug|Any CPU.Build.0 = Debug|Any CPU
		{4EB429A2-F6BA-4B5F-96EF-5520A85792E4}.Release|Any CPU.ActiveCfg = Release|Any CPU
		{4EB429A2-F6BA-4B5F-96EF-5520A85792E4}.Release|Any CPU.Build.0 = Release|Any CPU
		{DEC2BC7F-E669-4FA6-A368-D8AED215F7AD}.Debug|Any CPU.ActiveCfg = Debug|Any CPU
		{DEC2BC7F-E669-4FA6-A368-D8AED215F7AD}.Debug|Any CPU.Build.0 = Debug|Any CPU
		{DEC2BC7F-E669-4FA6-A368-D8AED215F7AD}.Release|Any CPU.ActiveCfg = Release|Any CPU
		{DEC2BC7F-E669-4FA6-A368-D8AED215F7AD}.Release|Any CPU.Build.0 = Release|Any CPU
		{6C5B12CF-AA58-416E-B4B4-5D33E924F207}.Debug|Any CPU.ActiveCfg = Debug|Any CPU
		{6C5B12CF-AA58-416E-B4B4-5D33E924F207}.Debug|Any CPU.Build.0 = Debug|Any CPU
		{6C5B12CF-AA58-416E-B4B4-5D33E924F207}.Release|Any CPU.ActiveCfg = Release|Any CPU
		{6C5B12CF-AA58-416E-B4B4-5D33E924F207}.Release|Any CPU.Build.0 = Release|Any CPU
		{69C1929F-2896-4890-B52C-38C7E85BF79F}.Debug|Any CPU.ActiveCfg = Debug|Any CPU
		{69C1929F-2896-4890-B52C-38C7E85BF79F}.Debug|Any CPU.Build.0 = Debug|Any CPU
		{69C1929F-2896-4890-B52C-38C7E85BF79F}.Release|Any CPU.ActiveCfg = Release|Any CPU
		{69C1929F-2896-4890-B52C-38C7E85BF79F}.Release|Any CPU.Build.0 = Release|Any CPU
		{45FA56D8-A824-4E03-8253-658E83F8E388}.Debug|Any CPU.ActiveCfg = Debug|Any CPU
		{45FA56D8-A824-4E03-8253-658E83F8E388}.Debug|Any CPU.Build.0 = Debug|Any CPU
		{45FA56D8-A824-4E03-8253-658E83F8E388}.Release|Any CPU.ActiveCfg = Release|Any CPU
		{45FA56D8-A824-4E03-8253-658E83F8E388}.Release|Any CPU.Build.0 = Release|Any CPU
		{C6C76537-8351-4BA4-90DD-2F0ACFD2C624}.Debug|Any CPU.ActiveCfg = Debug|Any CPU
		{C6C76537-8351-4BA4-90DD-2F0ACFD2C624}.Debug|Any CPU.Build.0 = Debug|Any CPU
		{C6C76537-8351-4BA4-90DD-2F0ACFD2C624}.Release|Any CPU.ActiveCfg = Release|Any CPU
		{C6C76537-8351-4BA4-90DD-2F0ACFD2C624}.Release|Any CPU.Build.0 = Release|Any CPU
		{3E768951-17AF-4444-98F6-8ABCBD5DCB4E}.Debug|Any CPU.ActiveCfg = Debug|Any CPU
		{3E768951-17AF-4444-98F6-8ABCBD5DCB4E}.Debug|Any CPU.Build.0 = Debug|Any CPU
		{3E768951-17AF-4444-98F6-8ABCBD5DCB4E}.Release|Any CPU.ActiveCfg = Release|Any CPU
		{3E768951-17AF-4444-98F6-8ABCBD5DCB4E}.Release|Any CPU.Build.0 = Release|Any CPU
	EndGlobalSection
	GlobalSection(SolutionProperties) = preSolution
		HideSolutionNode = FALSE
	EndGlobalSection
	GlobalSection(ExtensibilityGlobals) = postSolution
		SolutionGuid = {28BB008A-F602-4AA6-8846-FAB809EEBCC7}
	EndGlobalSection
EndGlobal
